
Microsoft Visual Studio Solution File, Format Version 12.00
# Visual Studio Version 17
VisualStudioVersion = 17.1.32319.34
MinimumVisualStudioVersion = 10.0.40219.1
Project("{FAE04EC0-301F-11D3-BF4B-00C04F79EFBC}") = "WebApplication3", "WebApplication3.csproj", "{961D902E-5226-4629-BB77-466A43B1AF29}"
EndProject
Global
	GlobalSection(SolutionConfigurationPlatforms) = preSolution
		Debug|Any CPU = Debug|Any CPU
		Release|Any CPU = Release|Any CPU
	EndGlobalSection
	GlobalSection(ProjectConfigurationPlatforms) = postSolution
		{961D902E-5226-4629-BB77-466A43B1AF29}.Debug|Any CPU.ActiveCfg = Debug|Any CPU
		{961D902E-5226-4629-BB77-466A43B1AF29}.Debug|Any CPU.Build.0 = Debug|Any CPU
		{961D902E-5226-4629-BB77-466A43B1AF29}.Release|Any CPU.ActiveCfg = Release|Any CPU
		{961D902E-5226-4629-BB77-466A43B1AF29}.Release|Any CPU.Build.0 = Release|Any CPU
	EndGlobalSection
	GlobalSection(SolutionProperties) = preSolution
		HideSolutionNode = FALSE
	EndGlobalSection
	GlobalSection(ExtensibilityGlobals) = postSolution
		SolutionGuid = {E99A1CB8-D9DE-44A9-BF6A-474E1C7E1CE9}
	EndGlobalSection
EndGlobal
